
Microsoft Visual Studio Solution File, Format Version 12.00
# Visual Studio Version 16
VisualStudioVersion = 16.0.28803.202
MinimumVisualStudioVersion = 10.0.40219.1
Project("{FAE04EC0-301F-11D3-BF4B-00C04F79EFBC}") = "PasswrdStorage", "WindowsFormsApp1\PasswrdStorage.csproj", "{E119B952-5095-43C2-9C38-2081FA85C548}"
EndProject
Global
	GlobalSection(SolutionConfigurationPlatforms) = preSolution
		Debug|Any CPU = Debug|Any CPU
		Release|Any CPU = Release|Any CPU
	EndGlobalSection
	GlobalSection(ProjectConfigurationPlatforms) = postSolution
		{E119B952-5095-43C2-9C38-2081FA85C548}.Debug|Any CPU.ActiveCfg = Debug|Any CPU
		{E119B952-5095-43C2-9C38-2081FA85C548}.Debug|Any CPU.Build.0 = Debug|Any CPU
		{E119B952-5095-43C2-9C38-2081FA85C548}.Release|Any CPU.ActiveCfg = Release|Any CPU
		{E119B952-5095-43C2-9C38-2081FA85C548}.Release|Any CPU.Build.0 = Release|Any CPU
	EndGlobalSection
	GlobalSection(SolutionProperties) = preSolution
		HideSolutionNode = FALSE
	EndGlobalSection
	GlobalSection(ExtensibilityGlobals) = postSolution
		SolutionGuid = {927A0912-CE1E-467A-9257-E6F2664D4EBD}
	EndGlobalSection
EndGlobal
